lockfileVersion: '9.0'

settings:
  autoInstallPeers: true
  excludeLinksFromLockfile: false

importers:

  .:
    devDependencies:
      skills:
        specifier: ^1.3.6
        version: 1.3.6

packages:

  skills@1.3.6:
    resolution: {integrity: sha512-3YQbCLbRx5OyAxBDiyQ6GoVjyaSmYML1FObuisyxnqws+1ewEwvajpbySUNgD7s3cZKdLMjAQ/9LgTZ3yMVhTw==}
    engines: {node: '>=18'}
    hasBin: true

snapshots:

  skills@1.3.6: {}
